
Microsoft Visual Studio Solution File, Format Version 12.00
# Visual Studio Version 16
VisualStudioVersion = 16.0.30413.136
MinimumVisualStudioVersion = 10.0.40219.1
Project("{FAE04EC0-301F-11D3-BF4B-00C04F79EFBC}") = "Entidades", "Entidades.csproj", "{4B22FB39-8F03-4F32-BACF-30FC41D0C499}"
EndProject
Global
	GlobalSection(SolutionConfigurationPlatforms) = preSolution
		Debug|Any CPU = Debug|Any CPU
		Release|Any CPU = Release|Any CPU
	EndGlobalSection
	GlobalSection(ProjectConfigurationPlatforms) = postSolution
		{4B22FB39-8F03-4F32-BACF-30FC41D0C499}.Debug|Any CPU.ActiveCfg = Debug|Any CPU
		{4B22FB39-8F03-4F32-BACF-30FC41D0C499}.Debug|Any CPU.Build.0 = Debug|Any CPU
		{4B22FB39-8F03-4F32-BACF-30FC41D0C499}.Release|Any CPU.ActiveCfg = Release|Any CPU
		{4B22FB39-8F03-4F32-BACF-30FC41D0C499}.Release|Any CPU.Build.0 = Release|Any CPU
	EndGlobalSection
	GlobalSection(SolutionProperties) = preSolution
		HideSolutionNode = FALSE
	EndGlobalSection
	GlobalSection(ExtensibilityGlobals) = postSolution
		SolutionGuid = {62A86759-ABFE-4DAD-8BD5-3AA43871E298}
	EndGlobalSection
EndGlobal
