
Microsoft Visual Studio Solution File, Format Version 12.00
# Visual Studio Version 16
VisualStudioVersion = 16.0.30413.136
MinimumVisualStudioVersion = 10.0.40219.1
Project("{FAE04EC0-301F-11D3-BF4B-00C04F79EFBC}") = "Integrador", "Integrador.csproj", "{99BBEC4D-8502-4D94-919C-4DB843653EE2}"
EndProject
Project("{FAE04EC0-301F-11D3-BF4B-00C04F79EFBC}") = "Consola integrador", "Consola integrador\Consola integrador.csproj", "{08B0F915-E8AC-452C-8969-A37171EA4D97}"
EndProject
Global
	GlobalSection(SolutionConfigurationPlatforms) = preSolution
		Debug|Any CPU = Debug|Any CPU
		Release|Any CPU = Release|Any CPU
	EndGlobalSection
	GlobalSection(ProjectConfigurationPlatforms) = postSolution
		{99BBEC4D-8502-4D94-919C-4DB843653EE2}.Debug|Any CPU.ActiveCfg = Debug|Any CPU
		{99BBEC4D-8502-4D94-919C-4DB843653EE2}.Debug|Any CPU.Build.0 = Debug|Any CPU
		{99BBEC4D-8502-4D94-919C-4DB843653EE2}.Release|Any CPU.ActiveCfg = Release|Any CPU
		{99BBEC4D-8502-4D94-919C-4DB843653EE2}.Release|Any CPU.Build.0 = Release|Any CPU
		{08B0F915-E8AC-452C-8969-A37171EA4D97}.Debug|Any CPU.ActiveCfg = Debug|Any CPU
		{08B0F915-E8AC-452C-8969-A37171EA4D97}.Debug|Any CPU.Build.0 = Debug|Any CPU
		{08B0F915-E8AC-452C-8969-A37171EA4D97}.Release|Any CPU.ActiveCfg = Release|Any CPU
		{08B0F915-E8AC-452C-8969-A37171EA4D97}.Release|Any CPU.Build.0 = Release|Any CPU
	EndGlobalSection
	GlobalSection(SolutionProperties) = preSolution
		HideSolutionNode = FALSE
	EndGlobalSection
	GlobalSection(ExtensibilityGlobals) = postSolution
		SolutionGuid = {602B77E1-40BC-4231-998E-FBB27BD525C9}
	EndGlobalSection
EndGlobal
