
Microsoft Visual Studio Solution File, Format Version 12.00
# Visual Studio Version 16
VisualStudioVersion = 16.0.30413.136
MinimumVisualStudioVersion = 10.0.40219.1
Project("{FAE04EC0-301F-11D3-BF4B-00C04F79EFBC}") = "Entidades", "Entidades\Entidades.csproj", "{8BDA1784-80F9-4BD1-8138-262FECE7B89B}"
EndProject
Project("{FAE04EC0-301F-11D3-BF4B-00C04F79EFBC}") = "Executable", "Executable\Executable.csproj", "{5F666F7E-3D1F-4526-A614-571A975AB1B3}"
EndProject
Global
	GlobalSection(SolutionConfigurationPlatforms) = preSolution
		Debug|Any CPU = Debug|Any CPU
		Release|Any CPU = Release|Any CPU
	EndGlobalSection
	GlobalSection(ProjectConfigurationPlatforms) = postSolution
		{8BDA1784-80F9-4BD1-8138-262FECE7B89B}.Debug|Any CPU.ActiveCfg = Debug|Any CPU
		{8BDA1784-80F9-4BD1-8138-262FECE7B89B}.Debug|Any CPU.Build.0 = Debug|Any CPU
		{8BDA1784-80F9-4BD1-8138-262FECE7B89B}.Release|Any CPU.ActiveCfg = Release|Any CPU
		{8BDA1784-80F9-4BD1-8138-262FECE7B89B}.Release|Any CPU.Build.0 = Release|Any CPU
		{5F666F7E-3D1F-4526-A614-571A975AB1B3}.Debug|Any CPU.ActiveCfg = Debug|Any CPU
		{5F666F7E-3D1F-4526-A614-571A975AB1B3}.Debug|Any CPU.Build.0 = Debug|Any CPU
		{5F666F7E-3D1F-4526-A614-571A975AB1B3}.Release|Any CPU.ActiveCfg = Release|Any CPU
		{5F666F7E-3D1F-4526-A614-571A975AB1B3}.Release|Any CPU.Build.0 = Release|Any CPU
	EndGlobalSection
	GlobalSection(SolutionProperties) = preSolution
		HideSolutionNode = FALSE
	EndGlobalSection
	GlobalSection(ExtensibilityGlobals) = postSolution
		SolutionGuid = {0A4AF92A-84FB-4CBF-ACA3-CE19C549BDE5}
	EndGlobalSection
EndGlobal
