
Microsoft Visual Studio Solution File, Format Version 12.00
# Visual Studio Version 16
VisualStudioVersion = 16.0.30413.136
MinimumVisualStudioVersion = 10.0.40219.1
Project("{FAE04EC0-301F-11D3-BF4B-00C04F79EFBC}") = "Lavadero", "Lavadero.csproj", "{BF6712B3-B8F2-47D2-8AF1-0F746336437D}"
EndProject
Global
	GlobalSection(SolutionConfigurationPlatforms) = preSolution
		Debug|Any CPU = Debug|Any CPU
		Release|Any CPU = Release|Any CPU
	EndGlobalSection
	GlobalSection(ProjectConfigurationPlatforms) = postSolution
		{BF6712B3-B8F2-47D2-8AF1-0F746336437D}.Debug|Any CPU.ActiveCfg = Debug|Any CPU
		{BF6712B3-B8F2-47D2-8AF1-0F746336437D}.Debug|Any CPU.Build.0 = Debug|Any CPU
		{BF6712B3-B8F2-47D2-8AF1-0F746336437D}.Release|Any CPU.ActiveCfg = Release|Any CPU
		{BF6712B3-B8F2-47D2-8AF1-0F746336437D}.Release|Any CPU.Build.0 = Release|Any CPU
	EndGlobalSection
	GlobalSection(SolutionProperties) = preSolution
		HideSolutionNode = FALSE
	EndGlobalSection
	GlobalSection(ExtensibilityGlobals) = postSolution
		SolutionGuid = {F06E2B0E-BEE1-4E5B-BD84-0299BD56E5CF}
	EndGlobalSection
EndGlobal
